
Microsoft Visual Studio Solution File, Format Version 12.00
# Visual Studio Version 16
VisualStudioVersion = 16.0.29806.167
MinimumVisualStudioVersion = 10.0.40219.1
Project("{888888A0-9F3D-457C-B088-3A5042F75D52}") = "TcpProxy", "TcpProxy\TcpProxy.pyproj", "{8E488659-848F-4A7E-B1CE-BFF252A97552}"
EndProject
Global
	GlobalSection(SolutionConfigurationPlatforms) = preSolution
		Debug|Any CPU = Debug|Any CPU
		Release|Any CPU = Release|Any CPU
	EndGlobalSection
	GlobalSection(ProjectConfigurationPlatforms) = postSolution
		{8E488659-848F-4A7E-B1CE-BFF252A97552}.Debug|Any CPU.ActiveCfg = Debug|Any CPU
		{8E488659-848F-4A7E-B1CE-BFF252A97552}.Release|Any CPU.ActiveCfg = Release|Any CPU
	EndGlobalSection
	GlobalSection(SolutionProperties) = preSolution
		HideSolutionNode = FALSE
	EndGlobalSection
	GlobalSection(ExtensibilityGlobals) = postSolution
		SolutionGuid = {BD1AB807-E7D5-4FD0-B5C0-A5CACEDC1035}
	EndGlobalSection
EndGlobal
